
Microsoft Visual Studio Solution File, Format Version 12.00
# Visual Studio Version 17
VisualStudioVersion = 17.9.34701.34
MinimumVisualStudioVersion = 10.0.40219.1
Project("{FAE04EC0-301F-11D3-BF4B-00C04F79EFBC}") = "quanlikhachsan_masterdetails", "quanlikhachsan_masterdetails\quanlikhachsan_masterdetails.csproj", "{E7CA544A-0B21-4365-B4C8-4280AB8C98C6}"
EndProject
Global
	GlobalSection(SolutionConfigurationPlatforms) = preSolution
		Debug|Any CPU = Debug|Any CPU
		Release|Any CPU = Release|Any CPU
	EndGlobalSection
	GlobalSection(ProjectConfigurationPlatforms) = postSolution
		{E7CA544A-0B21-4365-B4C8-4280AB8C98C6}.Debug|Any CPU.ActiveCfg = Debug|Any CPU
		{E7CA544A-0B21-4365-B4C8-4280AB8C98C6}.Debug|Any CPU.Build.0 = Debug|Any CPU
		{E7CA544A-0B21-4365-B4C8-4280AB8C98C6}.Release|Any CPU.ActiveCfg = Release|Any CPU
		{E7CA544A-0B21-4365-B4C8-4280AB8C98C6}.Release|Any CPU.Build.0 = Release|Any CPU
	EndGlobalSection
	GlobalSection(SolutionProperties) = preSolution
		HideSolutionNode = FALSE
	EndGlobalSection
	GlobalSection(ExtensibilityGlobals) = postSolution
		SolutionGuid = {152511BA-9976-43DF-9C05-D6F0976992D0}
	EndGlobalSection
EndGlobal
