
Microsoft Visual Studio Solution File, Format Version 12.00
# Visual Studio Version 17
VisualStudioVersion = 17.9.34701.34
MinimumVisualStudioVersion = 10.0.40219.1
Project("{FAE04EC0-301F-11D3-BF4B-00C04F79EFBC}") = "quanlibenhnhan_masterdetail", "quanlibenhnhan_masterdetail\quanlibenhnhan_masterdetail.csproj", "{5C5BC7DD-FB75-457A-A5FA-7AC220265409}"
EndProject
Global
	GlobalSection(SolutionConfigurationPlatforms) = preSolution
		Debug|Any CPU = Debug|Any CPU
		Release|Any CPU = Release|Any CPU
	EndGlobalSection
	GlobalSection(ProjectConfigurationPlatforms) = postSolution
		{5C5BC7DD-FB75-457A-A5FA-7AC220265409}.Debug|Any CPU.ActiveCfg = Debug|Any CPU
		{5C5BC7DD-FB75-457A-A5FA-7AC220265409}.Debug|Any CPU.Build.0 = Debug|Any CPU
		{5C5BC7DD-FB75-457A-A5FA-7AC220265409}.Release|Any CPU.ActiveCfg = Release|Any CPU
		{5C5BC7DD-FB75-457A-A5FA-7AC220265409}.Release|Any CPU.Build.0 = Release|Any CPU
	EndGlobalSection
	GlobalSection(SolutionProperties) = preSolution
		HideSolutionNode = FALSE
	EndGlobalSection
	GlobalSection(ExtensibilityGlobals) = postSolution
		SolutionGuid = {5F502841-653C-4CEE-AD69-02FB6C257BD6}
	EndGlobalSection
EndGlobal
